
Microsoft Visual Studio Solution File, Format Version 12.00
# Visual Studio Version 17
VisualStudioVersion = 17.13.35919.96 d17.13
MinimumVisualStudioVersion = 10.0.40219.1
Project("{888888A0-9F3D-457C-B088-3A5042F75D52}") = "input()_while", "input()_while\input()_while.pyproj", "{5B98318C-3CAE-4B13-A60D-44075BC2ACDA}"
EndProject
Global
	GlobalSection(SolutionConfigurationPlatforms) = preSolution
		Debug|Any CPU = Debug|Any CPU
		Release|Any CPU = Release|Any CPU
	EndGlobalSection
	GlobalSection(ProjectConfigurationPlatforms) = postSolution
		{5B98318C-3CAE-4B13-A60D-44075BC2ACDA}.Debug|Any CPU.ActiveCfg = Debug|Any CPU
		{5B98318C-3CAE-4B13-A60D-44075BC2ACDA}.Release|Any CPU.ActiveCfg = Release|Any CPU
	EndGlobalSection
	GlobalSection(SolutionProperties) = preSolution
		HideSolutionNode = FALSE
	EndGlobalSection
	GlobalSection(ExtensibilityGlobals) = postSolution
		SolutionGuid = {51F127CB-9441-4A5A-A95D-E6F69CEA333C}
	EndGlobalSection
EndGlobal
