
Microsoft Visual Studio Solution File, Format Version 12.00
# Visual Studio Version 17
VisualStudioVersion = 17.6.33723.286
MinimumVisualStudioVersion = 10.0.40219.1
Project("{888888A0-9F3D-457C-B088-3A5042F75D52}") = "команды if", "команды if\команды if.pyproj", "{AD32AABB-C1DC-4851-A9D2-D0CDF1E8973E}"
EndProject
Global
	GlobalSection(SolutionConfigurationPlatforms) = preSolution
		Debug|Any CPU = Debug|Any CPU
		Release|Any CPU = Release|Any CPU
	EndGlobalSection
	GlobalSection(ProjectConfigurationPlatforms) = postSolution
		{AD32AABB-C1DC-4851-A9D2-D0CDF1E8973E}.Debug|Any CPU.ActiveCfg = Debug|Any CPU
		{AD32AABB-C1DC-4851-A9D2-D0CDF1E8973E}.Release|Any CPU.ActiveCfg = Release|Any CPU
	EndGlobalSection
	GlobalSection(SolutionProperties) = preSolution
		HideSolutionNode = FALSE
	EndGlobalSection
	GlobalSection(ExtensibilityGlobals) = postSolution
		SolutionGuid = {6219B1E0-4A45-44E8-A080-048CF46436DF}
	EndGlobalSection
EndGlobal
