
Microsoft Visual Studio Solution File, Format Version 12.00
# Visual Studio Version 17
VisualStudioVersion = 17.6.33723.286
MinimumVisualStudioVersion = 10.0.40219.1
Project("{888888A0-9F3D-457C-B088-3A5042F75D52}") = "Работа со списками", "Работа со списками\Работа со списками.pyproj", "{45C830FE-E529-4574-B2F1-803F31D76FA8}"
EndProject
Global
	GlobalSection(SolutionConfigurationPlatforms) = preSolution
		Debug|Any CPU = Debug|Any CPU
		Release|Any CPU = Release|Any CPU
	EndGlobalSection
	GlobalSection(ProjectConfigurationPlatforms) = postSolution
		{45C830FE-E529-4574-B2F1-803F31D76FA8}.Debug|Any CPU.ActiveCfg = Debug|Any CPU
		{45C830FE-E529-4574-B2F1-803F31D76FA8}.Release|Any CPU.ActiveCfg = Release|Any CPU
	EndGlobalSection
	GlobalSection(SolutionProperties) = preSolution
		HideSolutionNode = FALSE
	EndGlobalSection
	GlobalSection(ExtensibilityGlobals) = postSolution
		SolutionGuid = {13439A25-DC05-4326-B66B-329892A6F580}
	EndGlobalSection
EndGlobal
